{
  "version": 4,
  "terraform_version": "1.10.0",
  "serial": 155,
  "lineage": "9da7c261-ade4-4fbc-050b-224a749ac60b",
  "outputs": {
    "alb_arn": {
      "value": "arn:aws:elasticloadbalancing:ap-southeast-1:730335321184:loadbalancer/app/FCJ-alb/2b859cf5a4e82783",
      "type": "string"
    },
    "alb_dns_name": {
      "value": "FCJ-alb-739843685.ap-southeast-1.elb.amazonaws.com",
      "type": "string"
    },
    "cluster_arn": {
      "value": "arn:aws:ecs:ap-southeast-1:730335321184:cluster/my-ecs-cluster",
      "type": "string"
    },
    "cluster_id": {
      "value": "arn:aws:ecs:ap-southeast-1:730335321184:cluster/my-ecs-cluster",
      "type": "string"
    },
    "db_instance_identifier": {
      "value": "fcjrdsinstance",
      "type": "string"
    },
    "db_sg_arn": {
      "value": "arn:aws:ec2:ap-southeast-1:730335321184:security-group/sg-0f4c6e41baed1931d",
      "type": "string"
    },
    "db_sg_id": {
      "value": "sg-0f4c6e41baed1931d",
      "type": "string"
    },
    "frontend_task_definition_arn": {
      "value": "arn:aws:ecs:ap-southeast-1:730335321184:task-definition/fcjresbar-task-fe:10",
      "type": "string"
    },
    "frontend_task_definition_id": {
      "value": "fcjresbar-task-fe",
      "type": "string"
    },
    "igw_arn": {
      "value": "arn:aws:ec2:ap-southeast-1:730335321184:internet-gateway/igw-0f17c37ecfe6f7dbc",
      "type": "string"
    },
    "igw_id": {
      "value": "igw-0f17c37ecfe6f7dbc",
      "type": "string"
    },
    "instance_ids": {
      "value": [
        "i-0c201cf109c3d25e6"
      ],
      "type": [
        "tuple",
        [
          "string"
        ]
      ]
    },
    "instance_private_ips": {
      "value": [
        "10.0.7.220"
      ],
      "type": [
        "tuple",
        [
          "string"
        ]
      ]
    },
    "instance_public_ips": {
      "value": [
        "47.129.39.83"
      ],
      "type": [
        "tuple",
        [
          "string"
        ]
      ]
    },
    "listener_arn": {
      "value": "arn:aws:elasticloadbalancing:ap-southeast-1:730335321184:listener/app/FCJ-alb/2b859cf5a4e82783/8760fa574530f9c6",
      "type": "string"
    },
    "private_sg_arn": {
      "value": "arn:aws:ec2:ap-southeast-1:730335321184:security-group/sg-04d1d15f84db1aad0",
      "type": "string"
    },
    "private_sg_id": {
      "value": "sg-04d1d15f84db1aad0",
      "type": "string"
    },
    "public_sg_arn": {
      "value": "arn:aws:ec2:ap-southeast-1:730335321184:security-group/sg-0cfe38a83b5ca8e57",
      "type": "string"
    },
    "public_sg_id": {
      "value": "sg-0cfe38a83b5ca8e57",
      "type": "string"
    },
    "sd_namespace_id": {
      "value": "ns-itocpxx4h5x5lmcr",
      "type": "string"
    },
    "sd_service_id": {
      "value": "srv-asm7naxjck6qt4au",
      "type": "string"
    },
    "target_group_id": {
      "value": "arn:aws:elasticloadbalancing:ap-southeast-1:730335321184:targetgroup/my-tg/ddc4e13b57c2ace0",
      "type": "string"
    },
    "vpc_arn": {
      "value": "arn:aws:ec2:ap-southeast-1:730335321184:vpc/vpc-04a1412e61c187c5b",
      "type": "string"
    },
    "vpc_id": {
      "value": "vpc-04a1412e61c187c5b",
      "type": "string"
    }
  },
  "resources": [
    {
      "module": "module.alb",
      "mode": "managed",
      "type": "aws_lb",
      "name": "application_load_balancer",
      "provider": "module.alb.provider[\"registry.terraform.io/hashicorp/aws\"]",
      "instances": [
        {
          "schema_version": 0,
          "attributes": {
            "access_logs": [
              {
                "bucket": "",
                "enabled": false,
                "prefix": ""
              }
            ],
            "arn": "arn:aws:elasticloadbalancing:ap-southeast-1:730335321184:loadbalancer/app/FCJ-alb/2b859cf5a4e82783",
            "arn_suffix": "app/FCJ-alb/2b859cf5a4e82783",
            "client_keep_alive": 3600,
            "connection_logs": [
              {
                "bucket": "",
                "enabled": false,
                "prefix": ""
              }
            ],
            "customer_owned_ipv4_pool": "",
            "desync_mitigation_mode": "defensive",
            "dns_name": "FCJ-alb-739843685.ap-southeast-1.elb.amazonaws.com",
            "dns_record_client_routing_policy": null,
            "drop_invalid_header_fields": false,
            "enable_cross_zone_load_balancing": true,
            "enable_deletion_protection": false,
            "enable_http2": true,
            "enable_tls_version_and_cipher_suite_headers": false,
            "enable_waf_fail_open": false,
            "enable_xff_client_port": false,
            "enable_zonal_shift": false,
            "enforce_security_group_inbound_rules_on_private_link_traffic": "",
            "id": "arn:aws:elasticloadbalancing:ap-southeast-1:730335321184:loadbalancer/app/FCJ-alb/2b859cf5a4e82783",
            "idle_timeout": 60,
            "internal": false,
            "ip_address_type": "ipv4",
            "load_balancer_type": "application",
            "name": "FCJ-alb",
            "name_prefix": "",
            "preserve_host_header": false,
            "security_groups": [
              "sg-0cfe38a83b5ca8e57"
            ],
            "subnet_mapping": [
              {
                "allocation_id": "",
                "ipv6_address": "",
                "outpost_id": "",
                "private_ipv4_address": "",
                "subnet_id": "subnet-0199033ec648ac08d"
              },
              {
                "allocation_id": "",
                "ipv6_address": "",
                "outpost_id": "",
                "private_ipv4_address": "",
                "subnet_id": "subnet-089e3b3afda6d3b1f"
              }
            ],
            "subnets": [
              "subnet-0199033ec648ac08d",
              "subnet-089e3b3afda6d3b1f"
            ],
            "tags": {
              "Author": "DUKE",
              "Name": "Doan-application-lb",
              "Type": "Application Load Balancer"
            },
            "tags_all": {
              "Author": "DUKE",
              "Name": "Doan-application-lb",
              "Type": "Application Load Balancer"
            },
            "timeouts": null,
            "vpc_id": "vpc-04a1412e61c187c5b",
            "xff_header_processing_mode": "append",
            "zone_id": "Z1LMS91P8CMLE5"
          },
          "sensitive_attributes": [],
          "private": "eyJlMmJmYjczMC1lY2FhLTExZTYtOGY4OC0zNDM2M2JjN2M0YzAiOnsiY3JlYXRlIjo2MDAwMDAwMDAwMDAsImRlbGV0ZSI6NjAwMDAwMDAwMDAwLCJ1cGRhdGUiOjYwMDAwMDAwMDAwMH19",
          "dependencies": [
            "module.infrastructure_vpc.aws_subnet.public_subnet_1",
            "module.infrastructure_vpc.aws_subnet.public_subnet_2",
            "module.infrastructure_vpc.aws_vpc.mainvpc",
            "module.security.aws_security_group.public_sg"
          ]
        }
      ]
    },
    {
      "module": "module.alb",
      "mode": "managed",
      "type": "aws_lb_listener",
      "name": "http_listener",
      "provider": "module.alb.provider[\"registry.terraform.io/hashicorp/aws\"]",
      "instances": [
        {
          "schema_version": 0,
          "attributes": {
            "alpn_policy": null,
            "arn": "arn:aws:elasticloadbalancing:ap-southeast-1:730335321184:listener/app/FCJ-alb/2b859cf5a4e82783/8760fa574530f9c6",
            "certificate_arn": null,
            "default_action": [
              {
                "authenticate_cognito": [],
                "authenticate_oidc": [],
                "fixed_response": [],
                "forward": [],
                "order": 1,
                "redirect": [],
                "target_group_arn": "arn:aws:elasticloadbalancing:ap-southeast-1:730335321184:targetgroup/my-tg/ddc4e13b57c2ace0",
                "type": "forward"
              }
            ],
            "id": "arn:aws:elasticloadbalancing:ap-southeast-1:730335321184:listener/app/FCJ-alb/2b859cf5a4e82783/8760fa574530f9c6",
            "load_balancer_arn": "arn:aws:elasticloadbalancing:ap-southeast-1:730335321184:loadbalancer/app/FCJ-alb/2b859cf5a4e82783",
            "mutual_authentication": [],
            "port": 80,
            "protocol": "HTTP",
            "ssl_policy": "",
            "tags": {},
            "tags_all": {},
            "tcp_idle_timeout_seconds": null,
            "timeouts": null
          },
          "sensitive_attributes": [],
          "private": "eyJlMmJmYjczMC1lY2FhLTExZTYtOGY4OC0zNDM2M2JjN2M0YzAiOnsiY3JlYXRlIjozMDAwMDAwMDAwMDAsInVwZGF0ZSI6MzAwMDAwMDAwMDAwfX0=",
          "dependencies": [
            "module.alb.aws_lb.application_load_balancer",
            "module.alb.aws_lb_target_group.target_group",
            "module.infrastructure_vpc.aws_subnet.public_subnet_1",
            "module.infrastructure_vpc.aws_subnet.public_subnet_2",
            "module.infrastructure_vpc.aws_vpc.mainvpc",
            "module.security.aws_security_group.public_sg"
          ]
        }
      ]
    },
    {
      "module": "module.alb",
      "mode": "managed",
      "type": "aws_lb_target_group",
      "name": "target_group",
      "provider": "module.alb.provider[\"registry.terraform.io/hashicorp/aws\"]",
      "instances": [
        {
          "schema_version": 0,
          "attributes": {
            "arn": "arn:aws:elasticloadbalancing:ap-southeast-1:730335321184:targetgroup/my-tg/ddc4e13b57c2ace0",
            "arn_suffix": "targetgroup/my-tg/ddc4e13b57c2ace0",
            "connection_termination": null,
            "deregistration_delay": "300",
            "health_check": [
              {
                "enabled": true,
                "healthy_threshold": 3,
                "interval": 30,
                "matcher": "200",
                "path": "/",
                "port": "traffic-port",
                "protocol": "HTTP",
                "timeout": 5,
                "unhealthy_threshold": 2
              }
            ],
            "id": "arn:aws:elasticloadbalancing:ap-southeast-1:730335321184:targetgroup/my-tg/ddc4e13b57c2ace0",
            "ip_address_type": "ipv4",
            "lambda_multi_value_headers_enabled": false,
            "load_balancer_arns": [
              "arn:aws:elasticloadbalancing:ap-southeast-1:730335321184:loadbalancer/app/FCJ-alb/2b859cf5a4e82783"
            ],
            "load_balancing_algorithm_type": "round_robin",
            "load_balancing_anomaly_mitigation": "off",
            "load_balancing_cross_zone_enabled": "use_load_balancer_configuration",
            "name": "my-tg",
            "name_prefix": "",
            "port": 80,
            "preserve_client_ip": null,
            "protocol": "HTTP",
            "protocol_version": "HTTP1",
            "proxy_protocol_v2": false,
            "slow_start": 0,
            "stickiness": [
              {
                "cookie_duration": 86400,
                "cookie_name": "",
                "enabled": false,
                "type": "lb_cookie"
              }
            ],
            "tags": {
              "Author": "DUKE",
              "Name": "Doan-target-group",
              "Type": "Target group for ALB"
            },
            "tags_all": {
              "Author": "DUKE",
              "Name": "Doan-target-group",
              "Type": "Target group for ALB"
            },
            "target_failover": [
              {
                "on_deregistration": null,
                "on_unhealthy": null
              }
            ],
            "target_group_health": [
              {
                "dns_failover": [
                  {
                    "minimum_healthy_targets_count": "1",
                    "minimum_healthy_targets_percentage": "off"
                  }
                ],
                "unhealthy_state_routing": [
                  {
                    "minimum_healthy_targets_count": 1,
                    "minimum_healthy_targets_percentage": "off"
                  }
                ]
              }
            ],
            "target_health_state": [
              {
                "enable_unhealthy_connection_termination": null,
                "unhealthy_draining_interval": null
              }
            ],
            "target_type": "ip",
            "vpc_id": "vpc-04a1412e61c187c5b"
          },
          "sensitive_attributes": [],
          "private": "bnVsbA==",
          "dependencies": [
            "module.infrastructure_vpc.aws_vpc.mainvpc"
          ]
        }
      ]
    },
    {
      "module": "module.cloud_map",
      "mode": "managed",
      "type": "aws_service_discovery_private_dns_namespace",
      "name": "sd_namespace",
      "provider": "module.cloud_map.provider[\"registry.terraform.io/hashicorp/aws\"]",
      "instances": [
        {
          "schema_version": 0,
          "attributes": {
            "arn": "arn:aws:servicediscovery:ap-southeast-1:730335321184:namespace/ns-itocpxx4h5x5lmcr",
            "description": "",
            "hosted_zone": "Z07309101ZST331BU8MH8",
            "id": "ns-itocpxx4h5x5lmcr",
            "name": "fcjresbar.internal",
            "tags": {
              "Author": "DUKE",
              "Name": "sd-namespace",
              "Type": "Service-Discovery-Namespace"
            },
            "tags_all": {
              "Author": "DUKE",
              "Name": "sd-namespace",
              "Type": "Service-Discovery-Namespace"
            },
            "vpc": "vpc-04a1412e61c187c5b"
          },
          "sensitive_attributes": [],
          "private": "bnVsbA==",
          "dependencies": [
            "module.infrastructure_vpc.aws_vpc.mainvpc"
          ]
        }
      ]
    },
    {
      "module": "module.cloud_map",
      "mode": "managed",
      "type": "aws_service_discovery_service",
      "name": "sd_service",
      "provider": "module.cloud_map.provider[\"registry.terraform.io/hashicorp/aws\"]",
      "instances": [
        {
          "schema_version": 0,
          "attributes": {
            "arn": "arn:aws:servicediscovery:ap-southeast-1:730335321184:service/srv-asm7naxjck6qt4au",
            "description": "",
            "dns_config": [
              {
                "dns_records": [
                  {
                    "ttl": 60,
                    "type": "A"
                  }
                ],
                "namespace_id": "ns-itocpxx4h5x5lmcr",
                "routing_policy": "MULTIVALUE"
              }
            ],
            "force_destroy": false,
            "health_check_config": [],
            "health_check_custom_config": [
              {
                "failure_threshold": 1
              }
            ],
            "id": "srv-asm7naxjck6qt4au",
            "name": "backend",
            "namespace_id": "ns-itocpxx4h5x5lmcr",
            "tags": {
              "Author": "DUKE",
              "Name": "sd-service-namespace",
              "Type": "Service-Discovery-Namespace"
            },
            "tags_all": {
              "Author": "DUKE",
              "Name": "sd-service-namespace",
              "Type": "Service-Discovery-Namespace"
            },
            "type": "DNS_HTTP"
          },
          "sensitive_attributes": [],
          "private": "bnVsbA==",
          "dependencies": [
            "module.cloud_map.aws_service_discovery_private_dns_namespace.sd_namespace",
            "module.infrastructure_vpc.aws_vpc.mainvpc"
          ]
        }
      ]
    },
    {
      "module": "module.compute",
      "mode": "managed",
      "type": "aws_instance",
      "name": "ec2_instances",
      "provider": "module.compute.provider[\"registry.terraform.io/hashicorp/aws\"]",
      "instances": [
        {
          "index_key": "server_test",
          "schema_version": 1,
          "attributes": {
            "ami": "ami-06650ca7ed78ff6fa",
            "arn": "arn:aws:ec2:ap-southeast-1:730335321184:instance/i-0c201cf109c3d25e6",
            "associate_public_ip_address": true,
            "availability_zone": "ap-southeast-1a",
            "capacity_reservation_specification": [
              {
                "capacity_reservation_preference": "open",
                "capacity_reservation_target": []
              }
            ],
            "cpu_core_count": 2,
            "cpu_options": [
              {
                "amd_sev_snp": "",
                "core_count": 2,
                "threads_per_core": 1
              }
            ],
            "cpu_threads_per_core": 1,
            "credit_specification": [
              {
                "cpu_credits": "standard"
              }
            ],
            "disable_api_stop": false,
            "disable_api_termination": false,
            "ebs_block_device": [],
            "ebs_optimized": false,
            "enable_primary_ipv6": null,
            "enclave_options": [
              {
                "enabled": false
              }
            ],
            "ephemeral_block_device": [],
            "get_password_data": false,
            "hibernation": false,
            "host_id": "",
            "host_resource_group_arn": null,
            "iam_instance_profile": "",
            "id": "i-0c201cf109c3d25e6",
            "instance_initiated_shutdown_behavior": "stop",
            "instance_lifecycle": "",
            "instance_market_options": [],
            "instance_state": "running",
            "instance_type": "t2.medium",
            "ipv6_address_count": 0,
            "ipv6_addresses": [],
            "key_name": "FCJ-Lab-key",
            "launch_template": [],
            "maintenance_options": [
              {
                "auto_recovery": "default"
              }
            ],
            "metadata_options": [
              {
                "http_endpoint": "enabled",
                "http_protocol_ipv6": "disabled",
                "http_put_response_hop_limit": 2,
                "http_tokens": "required",
                "instance_metadata_tags": "disabled"
              }
            ],
            "monitoring": false,
            "network_interface": [],
            "outpost_arn": "",
            "password_data": "",
            "placement_group": "",
            "placement_partition_number": 0,
            "primary_network_interface_id": "eni-0ea9c0f2961212be3",
            "private_dns": "ip-10-0-7-220.ap-southeast-1.compute.internal",
            "private_dns_name_options": [
              {
                "enable_resource_name_dns_a_record": false,
                "enable_resource_name_dns_aaaa_record": false,
                "hostname_type": "ip-name"
              }
            ],
            "private_ip": "10.0.7.220",
            "public_dns": "ec2-47-129-39-83.ap-southeast-1.compute.amazonaws.com",
            "public_ip": "47.129.39.83",
            "root_block_device": [
              {
                "delete_on_termination": true,
                "device_name": "/dev/sda1",
                "encrypted": false,
                "iops": 3000,
                "kms_key_id": "",
                "tags": {},
                "tags_all": {},
                "throughput": 125,
                "volume_id": "vol-05c57838ceba25dba",
                "volume_size": 8,
                "volume_type": "gp3"
              }
            ],
            "secondary_private_ips": [],
            "security_groups": [],
            "source_dest_check": true,
            "spot_instance_request_id": "",
            "subnet_id": "subnet-089e3b3afda6d3b1f",
            "tags": {
              "Author": "DUKE",
              "Name": "FCJ-compute-server_test",
              "Type": "EC2"
            },
            "tags_all": {
              "Author": "DUKE",
              "Name": "FCJ-compute-server_test",
              "Type": "EC2"
            },
            "tenancy": "default",
            "timeouts": null,
            "user_data": "637e76503ece54f4e42232aaba26f22cfc5c8cdb",
            "user_data_base64": null,
            "user_data_replace_on_change": false,
            "volume_tags": null,
            "vpc_security_group_ids": [
              "sg-0cfe38a83b5ca8e57"
            ]
          },
          "sensitive_attributes": [],
          "private": "eyJlMmJmYjczMC1lY2FhLTExZTYtOGY4OC0zNDM2M2JjN2M0YzAiOnsiY3JlYXRlIjo2MDAwMDAwMDAwMDAsImRlbGV0ZSI6MTIwMDAwMDAwMDAwMCwicmVhZCI6OTAwMDAwMDAwMDAwLCJ1cGRhdGUiOjYwMDAwMDAwMDAwMH0sInNjaGVtYV92ZXJzaW9uIjoiMSJ9",
          "dependencies": [
            "module.infrastructure_vpc.aws_subnet.public_subnet_1",
            "module.infrastructure_vpc.aws_vpc.mainvpc",
            "module.security.aws_security_group.public_sg"
          ]
        }
      ]
    },
    {
      "module": "module.ecs",
      "mode": "managed",
      "type": "aws_ecs_cluster",
      "name": "my_ecs_cluster",
      "provider": "module.ecs.provider[\"registry.terraform.io/hashicorp/aws\"]",
      "instances": [
        {
          "schema_version": 0,
          "attributes": {
            "arn": "arn:aws:ecs:ap-southeast-1:730335321184:cluster/my-ecs-cluster",
            "configuration": [],
            "id": "arn:aws:ecs:ap-southeast-1:730335321184:cluster/my-ecs-cluster",
            "name": "my-ecs-cluster",
            "service_connect_defaults": [],
            "setting": [
              {
                "name": "containerInsights",
                "value": "enabled"
              }
            ],
            "tags": {
              "Author": "DUKE",
              "Name": "FCJ-ecs-cluster",
              "Type": "ECS-Cluster"
            },
            "tags_all": {
              "Author": "DUKE",
              "Name": "FCJ-ecs-cluster",
              "Type": "ECS-Cluster"
            }
          },
          "sensitive_attributes": [],
          "private": "bnVsbA=="
        }
      ]
    },
    {
      "module": "module.ecs",
      "mode": "managed",
      "type": "aws_ecs_task_definition",
      "name": "frontend_taskdef",
      "provider": "module.ecs.provider[\"registry.terraform.io/hashicorp/aws\"]",
      "instances": [
        {
          "schema_version": 1,
          "attributes": {
            "arn": "arn:aws:ecs:ap-southeast-1:730335321184:task-definition/fcjresbar-task-fe:10",
            "arn_without_revision": "arn:aws:ecs:ap-southeast-1:730335321184:task-definition/fcjresbar-task-fe",
            "container_definitions": "[{\"cpu\":1024,\"environment\":[{\"name\":\"BACKEND_HOST\",\"value\":\"backend.fcjresbar.internal\"},{\"name\":\"BACKEND_PORT\",\"value\":\"5000\"}],\"essential\":true,\"image\":\"730335321184.dkr.ecr.ap-southeast-1.amazonaws.com/frontend-image\",\"memory\":2048,\"mountPoints\":[],\"name\":\"frontend\",\"portMappings\":[{\"containerPort\":80,\"hostPort\":80,\"protocol\":\"tcp\"}],\"systemControls\":[],\"volumesFrom\":[]}]",
            "cpu": "2048",
            "ephemeral_storage": [],
            "execution_role_arn": "arn:aws:iam::730335321184:role/ecs-execution-role",
            "family": "fcjresbar-task-fe",
            "id": "fcjresbar-task-fe",
            "inference_accelerator": [],
            "ipc_mode": "",
            "memory": "4096",
            "network_mode": "awsvpc",
            "pid_mode": "",
            "placement_constraints": [],
            "proxy_configuration": [],
            "requires_compatibilities": [
              "FARGATE"
            ],
            "revision": 10,
            "runtime_platform": [],
            "skip_destroy": false,
            "tags": {
              "Name": "fe-task-definition"
            },
            "tags_all": {
              "Name": "fe-task-definition"
            },
            "task_role_arn": "",
            "track_latest": false,
            "volume": []
          },
          "sensitive_attributes": [],
          "private": "eyJzY2hlbWFfdmVyc2lvbiI6IjEifQ==",
          "dependencies": [
            "module.role.aws_iam_role.ecs_execution_role"
          ]
        }
      ]
    },
    {
      "module": "module.infrastructure_vpc",
      "mode": "managed",
      "type": "aws_eip",
      "name": "nat_eip",
      "provider": "module.infrastructure_vpc.provider[\"registry.terraform.io/hashicorp/aws\"]",
      "instances": [
        {
          "schema_version": 0,
          "attributes": {
            "address": null,
            "allocation_id": "eipalloc-07336a3844ab129fd",
            "arn": "arn:aws:ec2:ap-southeast-1:730335321184:elastic-ip/eipalloc-07336a3844ab129fd",
            "associate_with_private_ip": null,
            "association_id": "eipassoc-07504677ca09063a8",
            "carrier_ip": "",
            "customer_owned_ip": "",
            "customer_owned_ipv4_pool": "",
            "domain": "vpc",
            "id": "eipalloc-07336a3844ab129fd",
            "instance": "",
            "ipam_pool_id": null,
            "network_border_group": "ap-southeast-1",
            "network_interface": "eni-0cafdd7f5e91c4cf1",
            "private_dns": "ip-10-0-22-17.ap-southeast-1.compute.internal",
            "private_ip": "10.0.22.17",
            "ptr_record": "",
            "public_dns": "ec2-52-77-49-46.ap-southeast-1.compute.amazonaws.com",
            "public_ip": "52.77.49.46",
            "public_ipv4_pool": "amazon",
            "tags": {
              "Author": "DUKE",
              "Name": "FCJ-network-nat-eip",
              "domain": "vpc"
            },
            "tags_all": {
              "Author": "DUKE",
              "Name": "FCJ-network-nat-eip",
              "domain": "vpc"
            },
            "timeouts": null,
            "vpc": true
          },
          "sensitive_attributes": [],
          "private": "eyJlMmJmYjczMC1lY2FhLTExZTYtOGY4OC0zNDM2M2JjN2M0YzAiOnsiZGVsZXRlIjoxODAwMDAwMDAwMDAsInJlYWQiOjkwMDAwMDAwMDAwMCwidXBkYXRlIjozMDAwMDAwMDAwMDB9fQ=="
        }
      ]
    },
    {
      "module": "module.infrastructure_vpc",
      "mode": "managed",
      "type": "aws_internet_gateway",
      "name": "igw",
      "provider": "module.infrastructure_vpc.provider[\"registry.terraform.io/hashicorp/aws\"]",
      "instances": [
        {
          "schema_version": 0,
          "attributes": {
            "arn": "arn:aws:ec2:ap-southeast-1:730335321184:internet-gateway/igw-0f17c37ecfe6f7dbc",
            "id": "igw-0f17c37ecfe6f7dbc",
            "owner_id": "730335321184",
            "tags": {
              "Author": "DUKE",
              "Name": "FCJ-network-igw",
              "Type": "Internet-Gateway"
            },
            "tags_all": {
              "Author": "DUKE",
              "Name": "FCJ-network-igw",
              "Type": "Internet-Gateway"
            },
            "timeouts": null,
            "vpc_id": "vpc-04a1412e61c187c5b"
          },
          "sensitive_attributes": [],
          "private": "eyJlMmJmYjczMC1lY2FhLTExZTYtOGY4OC0zNDM2M2JjN2M0YzAiOnsiY3JlYXRlIjoxMjAwMDAwMDAwMDAwLCJkZWxldGUiOjEyMDAwMDAwMDAwMDAsInVwZGF0ZSI6MTIwMDAwMDAwMDAwMH19",
          "dependencies": [
            "module.infrastructure_vpc.aws_vpc.mainvpc"
          ]
        }
      ]
    },
    {
      "module": "module.infrastructure_vpc",
      "mode": "managed",
      "type": "aws_nat_gateway",
      "name": "nat_gateway",
      "provider": "module.infrastructure_vpc.provider[\"registry.terraform.io/hashicorp/aws\"]",
      "instances": [
        {
          "schema_version": 0,
          "attributes": {
            "allocation_id": "eipalloc-07336a3844ab129fd",
            "association_id": "eipassoc-07504677ca09063a8",
            "connectivity_type": "public",
            "id": "nat-0b19ed817506f0eb9",
            "network_interface_id": "eni-0cafdd7f5e91c4cf1",
            "private_ip": "10.0.22.17",
            "public_ip": "52.77.49.46",
            "secondary_allocation_ids": [],
            "secondary_private_ip_address_count": 0,
            "secondary_private_ip_addresses": [],
            "subnet_id": "subnet-0199033ec648ac08d",
            "tags": {
              "Author": "DUKE",
              "Name": "FCJ-network-nat-gateway",
              "Type": "NAT-Gateway"
            },
            "tags_all": {
              "Author": "DUKE",
              "Name": "FCJ-network-nat-gateway",
              "Type": "NAT-Gateway"
            },
            "timeouts": null
          },
          "sensitive_attributes": [],
          "private": "eyJlMmJmYjczMC1lY2FhLTExZTYtOGY4OC0zNDM2M2JjN2M0YzAiOnsiY3JlYXRlIjo2MDAwMDAwMDAwMDAsImRlbGV0ZSI6MTgwMDAwMDAwMDAwMCwidXBkYXRlIjo2MDAwMDAwMDAwMDB9fQ==",
          "dependencies": [
            "module.infrastructure_vpc.aws_eip.nat_eip",
            "module.infrastructure_vpc.aws_subnet.public_subnet_2",
            "module.infrastructure_vpc.aws_vpc.mainvpc"
          ]
        }
      ]
    },
    {
      "module": "module.infrastructure_vpc",
      "mode": "managed",
      "type": "aws_route_table",
      "name": "private_route_table_1",
      "provider": "module.infrastructure_vpc.provider[\"registry.terraform.io/hashicorp/aws\"]",
      "instances": [
        {
          "schema_version": 0,
          "attributes": {
            "arn": "arn:aws:ec2:ap-southeast-1:730335321184:route-table/rtb-0e5d7b85475c3652e",
            "id": "rtb-0e5d7b85475c3652e",
            "owner_id": "730335321184",
            "propagating_vgws": [],
            "route": [
              {
                "carrier_gateway_id": "",
                "cidr_block": "10.0.0.0/16",
                "core_network_arn": "",
                "destination_prefix_list_id": "",
                "egress_only_gateway_id": "",
                "gateway_id": "local",
                "ipv6_cidr_block": "",
                "local_gateway_id": "",
                "nat_gateway_id": "",
                "network_interface_id": "",
                "transit_gateway_id": "",
                "vpc_endpoint_id": "",
                "vpc_peering_connection_id": ""
              }
            ],
            "tags": {
              "Author": "DUKE",
              "Name": "FCJ-network-rtb-private",
              "Type": "Route-Table"
            },
            "tags_all": {
              "Author": "DUKE",
              "Name": "FCJ-network-rtb-private",
              "Type": "Route-Table"
            },
            "timeouts": null,
            "vpc_id": "vpc-04a1412e61c187c5b"
          },
          "sensitive_attributes": [],
          "private": "eyJlMmJmYjczMC1lY2FhLTExZTYtOGY4OC0zNDM2M2JjN2M0YzAiOnsiY3JlYXRlIjozMDAwMDAwMDAwMDAsImRlbGV0ZSI6MzAwMDAwMDAwMDAwLCJ1cGRhdGUiOjEyMDAwMDAwMDAwMH19",
          "dependencies": [
            "module.infrastructure_vpc.aws_vpc.mainvpc"
          ]
        }
      ]
    },
    {
      "module": "module.infrastructure_vpc",
      "mode": "managed",
      "type": "aws_route_table",
      "name": "private_route_table_2",
      "provider": "module.infrastructure_vpc.provider[\"registry.terraform.io/hashicorp/aws\"]",
      "instances": [
        {
          "schema_version": 0,
          "attributes": {
            "arn": "arn:aws:ec2:ap-southeast-1:730335321184:route-table/rtb-0ebc56f2de0b4b88b",
            "id": "rtb-0ebc56f2de0b4b88b",
            "owner_id": "730335321184",
            "propagating_vgws": [],
            "route": [
              {
                "carrier_gateway_id": "",
                "cidr_block": "0.0.0.0/0",
                "core_network_arn": "",
                "destination_prefix_list_id": "",
                "egress_only_gateway_id": "",
                "gateway_id": "",
                "ipv6_cidr_block": "",
                "local_gateway_id": "",
                "nat_gateway_id": "nat-0b19ed817506f0eb9",
                "network_interface_id": "",
                "transit_gateway_id": "",
                "vpc_endpoint_id": "",
                "vpc_peering_connection_id": ""
              },
              {
                "carrier_gateway_id": "",
                "cidr_block": "10.0.0.0/16",
                "core_network_arn": "",
                "destination_prefix_list_id": "",
                "egress_only_gateway_id": "",
                "gateway_id": "local",
                "ipv6_cidr_block": "",
                "local_gateway_id": "",
                "nat_gateway_id": "",
                "network_interface_id": "",
                "transit_gateway_id": "",
                "vpc_endpoint_id": "",
                "vpc_peering_connection_id": ""
              }
            ],
            "tags": {
              "Author": "DUKE",
              "Name": "FCJ-network-rtb-private2",
              "Type": "Route-Table"
            },
            "tags_all": {
              "Author": "DUKE",
              "Name": "FCJ-network-rtb-private2",
              "Type": "Route-Table"
            },
            "timeouts": null,
            "vpc_id": "vpc-04a1412e61c187c5b"
          },
          "sensitive_attributes": [],
          "private": "eyJlMmJmYjczMC1lY2FhLTExZTYtOGY4OC0zNDM2M2JjN2M0YzAiOnsiY3JlYXRlIjozMDAwMDAwMDAwMDAsImRlbGV0ZSI6MzAwMDAwMDAwMDAwLCJ1cGRhdGUiOjEyMDAwMDAwMDAwMH19",
          "dependencies": [
            "module.infrastructure_vpc.aws_eip.nat_eip",
            "module.infrastructure_vpc.aws_nat_gateway.nat_gateway",
            "module.infrastructure_vpc.aws_subnet.public_subnet_2",
            "module.infrastructure_vpc.aws_vpc.mainvpc"
          ]
        }
      ]
    },
    {
      "module": "module.infrastructure_vpc",
      "mode": "managed",
      "type": "aws_route_table",
      "name": "public_route_table_1",
      "provider": "module.infrastructure_vpc.provider[\"registry.terraform.io/hashicorp/aws\"]",
      "instances": [
        {
          "schema_version": 0,
          "attributes": {
            "arn": "arn:aws:ec2:ap-southeast-1:730335321184:route-table/rtb-090c755ee34bf3164",
            "id": "rtb-090c755ee34bf3164",
            "owner_id": "730335321184",
            "propagating_vgws": [],
            "route": [
              {
                "carrier_gateway_id": "",
                "cidr_block": "0.0.0.0/0",
                "core_network_arn": "",
                "destination_prefix_list_id": "",
                "egress_only_gateway_id": "",
                "gateway_id": "igw-0f17c37ecfe6f7dbc",
                "ipv6_cidr_block": "",
                "local_gateway_id": "",
                "nat_gateway_id": "",
                "network_interface_id": "",
                "transit_gateway_id": "",
                "vpc_endpoint_id": "",
                "vpc_peering_connection_id": ""
              },
              {
                "carrier_gateway_id": "",
                "cidr_block": "10.0.0.0/16",
                "core_network_arn": "",
                "destination_prefix_list_id": "",
                "egress_only_gateway_id": "",
                "gateway_id": "local",
                "ipv6_cidr_block": "",
                "local_gateway_id": "",
                "nat_gateway_id": "",
                "network_interface_id": "",
                "transit_gateway_id": "",
                "vpc_endpoint_id": "",
                "vpc_peering_connection_id": ""
              }
            ],
            "tags": {
              "Author": "DUKE",
              "Name": "FCJ-network-rtb-public",
              "Type": "Route-Table"
            },
            "tags_all": {
              "Author": "DUKE",
              "Name": "FCJ-network-rtb-public",
              "Type": "Route-Table"
            },
            "timeouts": null,
            "vpc_id": "vpc-04a1412e61c187c5b"
          },
          "sensitive_attributes": [],
          "private": "eyJlMmJmYjczMC1lY2FhLTExZTYtOGY4OC0zNDM2M2JjN2M0YzAiOnsiY3JlYXRlIjozMDAwMDAwMDAwMDAsImRlbGV0ZSI6MzAwMDAwMDAwMDAwLCJ1cGRhdGUiOjEyMDAwMDAwMDAwMH19",
          "dependencies": [
            "module.infrastructure_vpc.aws_internet_gateway.igw",
            "module.infrastructure_vpc.aws_vpc.mainvpc"
          ]
        }
      ]
    },
    {
      "module": "module.infrastructure_vpc",
      "mode": "managed",
      "type": "aws_route_table_association",
      "name": "private_association_1",
      "provider": "module.infrastructure_vpc.provider[\"registry.terraform.io/hashicorp/aws\"]",
      "instances": [
        {
          "schema_version": 0,
          "attributes": {
            "gateway_id": "",
            "id": "rtbassoc-01eb6898d68d9acab",
            "route_table_id": "rtb-0e5d7b85475c3652e",
            "subnet_id": "subnet-037cbb044e26792cb",
            "timeouts": null
          },
          "sensitive_attributes": [],
          "private": "eyJlMmJmYjczMC1lY2FhLTExZTYtOGY4OC0zNDM2M2JjN2M0YzAiOnsiY3JlYXRlIjozMDAwMDAwMDAwMDAsImRlbGV0ZSI6MzAwMDAwMDAwMDAwLCJ1cGRhdGUiOjEyMDAwMDAwMDAwMH19",
          "dependencies": [
            "module.infrastructure_vpc.aws_route_table.private_route_table_1",
            "module.infrastructure_vpc.aws_subnet.private_subnet_1",
            "module.infrastructure_vpc.aws_vpc.mainvpc"
          ]
        }
      ]
    },
    {
      "module": "module.infrastructure_vpc",
      "mode": "managed",
      "type": "aws_route_table_association",
      "name": "private_association_2",
      "provider": "module.infrastructure_vpc.provider[\"registry.terraform.io/hashicorp/aws\"]",
      "instances": [
        {
          "schema_version": 0,
          "attributes": {
            "gateway_id": "",
            "id": "rtbassoc-08f35204d5b2eec19",
            "route_table_id": "rtb-0e5d7b85475c3652e",
            "subnet_id": "subnet-001e8edbf5b56cd47",
            "timeouts": null
          },
          "sensitive_attributes": [],
          "private": "eyJlMmJmYjczMC1lY2FhLTExZTYtOGY4OC0zNDM2M2JjN2M0YzAiOnsiY3JlYXRlIjozMDAwMDAwMDAwMDAsImRlbGV0ZSI6MzAwMDAwMDAwMDAwLCJ1cGRhdGUiOjEyMDAwMDAwMDAwMH19",
          "dependencies": [
            "module.infrastructure_vpc.aws_route_table.private_route_table_1",
            "module.infrastructure_vpc.aws_subnet.private_subnet_2",
            "module.infrastructure_vpc.aws_vpc.mainvpc"
          ]
        }
      ]
    },
    {
      "module": "module.infrastructure_vpc",
      "mode": "managed",
      "type": "aws_route_table_association",
      "name": "private_association_3",
      "provider": "module.infrastructure_vpc.provider[\"registry.terraform.io/hashicorp/aws\"]",
      "instances": [
        {
          "schema_version": 0,
          "attributes": {
            "gateway_id": "",
            "id": "rtbassoc-01994dbbb95500a04",
            "route_table_id": "rtb-0ebc56f2de0b4b88b",
            "subnet_id": "subnet-0fc16765a2232a2df",
            "timeouts": null
          },
          "sensitive_attributes": [],
          "private": "eyJlMmJmYjczMC1lY2FhLTExZTYtOGY4OC0zNDM2M2JjN2M0YzAiOnsiY3JlYXRlIjozMDAwMDAwMDAwMDAsImRlbGV0ZSI6MzAwMDAwMDAwMDAwLCJ1cGRhdGUiOjEyMDAwMDAwMDAwMH19",
          "dependencies": [
            "module.infrastructure_vpc.aws_eip.nat_eip",
            "module.infrastructure_vpc.aws_nat_gateway.nat_gateway",
            "module.infrastructure_vpc.aws_route_table.private_route_table_2",
            "module.infrastructure_vpc.aws_subnet.private_subnet_3",
            "module.infrastructure_vpc.aws_subnet.public_subnet_2",
            "module.infrastructure_vpc.aws_vpc.mainvpc"
          ]
        }
      ]
    },
    {
      "module": "module.infrastructure_vpc",
      "mode": "managed",
      "type": "aws_route_table_association",
      "name": "private_association_4",
      "provider": "module.infrastructure_vpc.provider[\"registry.terraform.io/hashicorp/aws\"]",
      "instances": [
        {
          "schema_version": 0,
          "attributes": {
            "gateway_id": "",
            "id": "rtbassoc-05a78ed8fe8e03ff7",
            "route_table_id": "rtb-0ebc56f2de0b4b88b",
            "subnet_id": "subnet-0c078ac195d0f7ba7",
            "timeouts": null
          },
          "sensitive_attributes": [],
          "private": "eyJlMmJmYjczMC1lY2FhLTExZTYtOGY4OC0zNDM2M2JjN2M0YzAiOnsiY3JlYXRlIjozMDAwMDAwMDAwMDAsImRlbGV0ZSI6MzAwMDAwMDAwMDAwLCJ1cGRhdGUiOjEyMDAwMDAwMDAwMH19",
          "dependencies": [
            "module.infrastructure_vpc.aws_eip.nat_eip",
            "module.infrastructure_vpc.aws_nat_gateway.nat_gateway",
            "module.infrastructure_vpc.aws_route_table.private_route_table_2",
            "module.infrastructure_vpc.aws_subnet.private_subnet_4",
            "module.infrastructure_vpc.aws_subnet.public_subnet_2",
            "module.infrastructure_vpc.aws_vpc.mainvpc"
          ]
        }
      ]
    },
    {
      "module": "module.infrastructure_vpc",
      "mode": "managed",
      "type": "aws_route_table_association",
      "name": "public_association_1",
      "provider": "module.infrastructure_vpc.provider[\"registry.terraform.io/hashicorp/aws\"]",
      "instances": [
        {
          "schema_version": 0,
          "attributes": {
            "gateway_id": "",
            "id": "rtbassoc-08a0c6cd9c92ab7a6",
            "route_table_id": "rtb-090c755ee34bf3164",
            "subnet_id": "subnet-089e3b3afda6d3b1f",
            "timeouts": null
          },
          "sensitive_attributes": [],
          "private": "eyJlMmJmYjczMC1lY2FhLTExZTYtOGY4OC0zNDM2M2JjN2M0YzAiOnsiY3JlYXRlIjozMDAwMDAwMDAwMDAsImRlbGV0ZSI6MzAwMDAwMDAwMDAwLCJ1cGRhdGUiOjEyMDAwMDAwMDAwMH19",
          "dependencies": [
            "module.infrastructure_vpc.aws_internet_gateway.igw",
            "module.infrastructure_vpc.aws_route_table.public_route_table_1",
            "module.infrastructure_vpc.aws_subnet.public_subnet_1",
            "module.infrastructure_vpc.aws_vpc.mainvpc"
          ]
        }
      ]
    },
    {
      "module": "module.infrastructure_vpc",
      "mode": "managed",
      "type": "aws_route_table_association",
      "name": "public_association_2",
      "provider": "module.infrastructure_vpc.provider[\"registry.terraform.io/hashicorp/aws\"]",
      "instances": [
        {
          "schema_version": 0,
          "attributes": {
            "gateway_id": "",
            "id": "rtbassoc-08232b4a863e8a501",
            "route_table_id": "rtb-090c755ee34bf3164",
            "subnet_id": "subnet-0199033ec648ac08d",
            "timeouts": null
          },
          "sensitive_attributes": [],
          "private": "eyJlMmJmYjczMC1lY2FhLTExZTYtOGY4OC0zNDM2M2JjN2M0YzAiOnsiY3JlYXRlIjozMDAwMDAwMDAwMDAsImRlbGV0ZSI6MzAwMDAwMDAwMDAwLCJ1cGRhdGUiOjEyMDAwMDAwMDAwMH19",
          "dependencies": [
            "module.infrastructure_vpc.aws_internet_gateway.igw",
            "module.infrastructure_vpc.aws_route_table.public_route_table_1",
            "module.infrastructure_vpc.aws_subnet.public_subnet_2",
            "module.infrastructure_vpc.aws_vpc.mainvpc"
          ]
        }
      ]
    },
    {
      "module": "module.infrastructure_vpc",
      "mode": "managed",
      "type": "aws_subnet",
      "name": "private_subnet_1",
      "provider": "module.infrastructure_vpc.provider[\"registry.terraform.io/hashicorp/aws\"]",
      "instances": [
        {
          "schema_version": 1,
          "attributes": {
            "arn": "arn:aws:ec2:ap-southeast-1:730335321184:subnet/subnet-037cbb044e26792cb",
            "assign_ipv6_address_on_creation": false,
            "availability_zone": "ap-southeast-1a",
            "availability_zone_id": "apse1-az1",
            "cidr_block": "10.0.128.0/20",
            "customer_owned_ipv4_pool": "",
            "enable_dns64": false,
            "enable_lni_at_device_index": 0,
            "enable_resource_name_dns_a_record_on_launch": false,
            "enable_resource_name_dns_aaaa_record_on_launch": false,
            "id": "subnet-037cbb044e26792cb",
            "ipv6_cidr_block": "",
            "ipv6_cidr_block_association_id": "",
            "ipv6_native": false,
            "map_customer_owned_ip_on_launch": false,
            "map_public_ip_on_launch": false,
            "outpost_arn": "",
            "owner_id": "730335321184",
            "private_dns_hostname_type_on_launch": "ip-name",
            "tags": {
              "Author": "DUKE",
              "Name": "FCJ-network-subnet-private1-ap-southeast-1a",
              "Type": "Subnet"
            },
            "tags_all": {
              "Author": "DUKE",
              "Name": "FCJ-network-subnet-private1-ap-southeast-1a",
              "Type": "Subnet"
            },
            "timeouts": null,
            "vpc_id": "vpc-04a1412e61c187c5b"
          },
          "sensitive_attributes": [],
          "private": "eyJlMmJmYjczMC1lY2FhLTExZTYtOGY4OC0zNDM2M2JjN2M0YzAiOnsiY3JlYXRlIjo2MDAwMDAwMDAwMDAsImRlbGV0ZSI6MTIwMDAwMDAwMDAwMH0sInNjaGVtYV92ZXJzaW9uIjoiMSJ9",
          "dependencies": [
            "module.infrastructure_vpc.aws_vpc.mainvpc"
          ]
        }
      ]
    },
    {
      "module": "module.infrastructure_vpc",
      "mode": "managed",
      "type": "aws_subnet",
      "name": "private_subnet_2",
      "provider": "module.infrastructure_vpc.provider[\"registry.terraform.io/hashicorp/aws\"]",
      "instances": [
        {
          "schema_version": 1,
          "attributes": {
            "arn": "arn:aws:ec2:ap-southeast-1:730335321184:subnet/subnet-001e8edbf5b56cd47",
            "assign_ipv6_address_on_creation": false,
            "availability_zone": "ap-southeast-1b",
            "availability_zone_id": "apse1-az2",
            "cidr_block": "10.0.144.0/20",
            "customer_owned_ipv4_pool": "",
            "enable_dns64": false,
            "enable_lni_at_device_index": 0,
            "enable_resource_name_dns_a_record_on_launch": false,
            "enable_resource_name_dns_aaaa_record_on_launch": false,
            "id": "subnet-001e8edbf5b56cd47",
            "ipv6_cidr_block": "",
            "ipv6_cidr_block_association_id": "",
            "ipv6_native": false,
            "map_customer_owned_ip_on_launch": false,
            "map_public_ip_on_launch": false,
            "outpost_arn": "",
            "owner_id": "730335321184",
            "private_dns_hostname_type_on_launch": "ip-name",
            "tags": {
              "Author": "DUKE",
              "Name": "FCJ-network-subnet-private2-ap-southeast-1b",
              "Type": "Subnet"
            },
            "tags_all": {
              "Author": "DUKE",
              "Name": "FCJ-network-subnet-private2-ap-southeast-1b",
              "Type": "Subnet"
            },
            "timeouts": null,
            "vpc_id": "vpc-04a1412e61c187c5b"
          },
          "sensitive_attributes": [],
          "private": "eyJlMmJmYjczMC1lY2FhLTExZTYtOGY4OC0zNDM2M2JjN2M0YzAiOnsiY3JlYXRlIjo2MDAwMDAwMDAwMDAsImRlbGV0ZSI6MTIwMDAwMDAwMDAwMH0sInNjaGVtYV92ZXJzaW9uIjoiMSJ9",
          "dependencies": [
            "module.infrastructure_vpc.aws_vpc.mainvpc"
          ]
        }
      ]
    },
    {
      "module": "module.infrastructure_vpc",
      "mode": "managed",
      "type": "aws_subnet",
      "name": "private_subnet_3",
      "provider": "module.infrastructure_vpc.provider[\"registry.terraform.io/hashicorp/aws\"]",
      "instances": [
        {
          "schema_version": 1,
          "attributes": {
            "arn": "arn:aws:ec2:ap-southeast-1:730335321184:subnet/subnet-0fc16765a2232a2df",
            "assign_ipv6_address_on_creation": false,
            "availability_zone": "ap-southeast-1a",
            "availability_zone_id": "apse1-az1",
            "cidr_block": "10.0.32.0/20",
            "customer_owned_ipv4_pool": "",
            "enable_dns64": false,
            "enable_lni_at_device_index": 0,
            "enable_resource_name_dns_a_record_on_launch": false,
            "enable_resource_name_dns_aaaa_record_on_launch": false,
            "id": "subnet-0fc16765a2232a2df",
            "ipv6_cidr_block": "",
            "ipv6_cidr_block_association_id": "",
            "ipv6_native": false,
            "map_customer_owned_ip_on_launch": false,
            "map_public_ip_on_launch": false,
            "outpost_arn": "",
            "owner_id": "730335321184",
            "private_dns_hostname_type_on_launch": "ip-name",
            "tags": {
              "Author": "DUKE",
              "Name": "FCJ-network-subnet-private3-ap-southeast-1b",
              "Type": "Subnet"
            },
            "tags_all": {
              "Author": "DUKE",
              "Name": "FCJ-network-subnet-private3-ap-southeast-1b",
              "Type": "Subnet"
            },
            "timeouts": null,
            "vpc_id": "vpc-04a1412e61c187c5b"
          },
          "sensitive_attributes": [],
          "private": "eyJlMmJmYjczMC1lY2FhLTExZTYtOGY4OC0zNDM2M2JjN2M0YzAiOnsiY3JlYXRlIjo2MDAwMDAwMDAwMDAsImRlbGV0ZSI6MTIwMDAwMDAwMDAwMH0sInNjaGVtYV92ZXJzaW9uIjoiMSJ9",
          "dependencies": [
            "module.infrastructure_vpc.aws_vpc.mainvpc"
          ]
        }
      ]
    },
    {
      "module": "module.infrastructure_vpc",
      "mode": "managed",
      "type": "aws_subnet",
      "name": "private_subnet_4",
      "provider": "module.infrastructure_vpc.provider[\"registry.terraform.io/hashicorp/aws\"]",
      "instances": [
        {
          "schema_version": 1,
          "attributes": {
            "arn": "arn:aws:ec2:ap-southeast-1:730335321184:subnet/subnet-0c078ac195d0f7ba7",
            "assign_ipv6_address_on_creation": false,
            "availability_zone": "ap-southeast-1b",
            "availability_zone_id": "apse1-az2",
            "cidr_block": "10.0.64.0/20",
            "customer_owned_ipv4_pool": "",
            "enable_dns64": false,
            "enable_lni_at_device_index": 0,
            "enable_resource_name_dns_a_record_on_launch": false,
            "enable_resource_name_dns_aaaa_record_on_launch": false,
            "id": "subnet-0c078ac195d0f7ba7",
            "ipv6_cidr_block": "",
            "ipv6_cidr_block_association_id": "",
            "ipv6_native": false,
            "map_customer_owned_ip_on_launch": false,
            "map_public_ip_on_launch": false,
            "outpost_arn": "",
            "owner_id": "730335321184",
            "private_dns_hostname_type_on_launch": "ip-name",
            "tags": {
              "Author": "DUKE",
              "Name": "FCJ-network-subnet-private4-ap-southeast-1b",
              "Type": "Subnet"
            },
            "tags_all": {
              "Author": "DUKE",
              "Name": "FCJ-network-subnet-private4-ap-southeast-1b",
              "Type": "Subnet"
            },
            "timeouts": null,
            "vpc_id": "vpc-04a1412e61c187c5b"
          },
          "sensitive_attributes": [],
          "private": "eyJlMmJmYjczMC1lY2FhLTExZTYtOGY4OC0zNDM2M2JjN2M0YzAiOnsiY3JlYXRlIjo2MDAwMDAwMDAwMDAsImRlbGV0ZSI6MTIwMDAwMDAwMDAwMH0sInNjaGVtYV92ZXJzaW9uIjoiMSJ9",
          "dependencies": [
            "module.infrastructure_vpc.aws_vpc.mainvpc"
          ]
        }
      ]
    },
    {
      "module": "module.infrastructure_vpc",
      "mode": "managed",
      "type": "aws_subnet",
      "name": "public_subnet_1",
      "provider": "module.infrastructure_vpc.provider[\"registry.terraform.io/hashicorp/aws\"]",
      "instances": [
        {
          "schema_version": 1,
          "attributes": {
            "arn": "arn:aws:ec2:ap-southeast-1:730335321184:subnet/subnet-089e3b3afda6d3b1f",
            "assign_ipv6_address_on_creation": false,
            "availability_zone": "ap-southeast-1a",
            "availability_zone_id": "apse1-az1",
            "cidr_block": "10.0.0.0/20",
            "customer_owned_ipv4_pool": "",
            "enable_dns64": false,
            "enable_lni_at_device_index": 0,
            "enable_resource_name_dns_a_record_on_launch": false,
            "enable_resource_name_dns_aaaa_record_on_launch": false,
            "id": "subnet-089e3b3afda6d3b1f",
            "ipv6_cidr_block": "",
            "ipv6_cidr_block_association_id": "",
            "ipv6_native": false,
            "map_customer_owned_ip_on_launch": false,
            "map_public_ip_on_launch": true,
            "outpost_arn": "",
            "owner_id": "730335321184",
            "private_dns_hostname_type_on_launch": "ip-name",
            "tags": {
              "Author": "DUKE",
              "Name": "FCJ-network-subnet-public1-ap-southeast-1a",
              "Type": "Subnet"
            },
            "tags_all": {
              "Author": "DUKE",
              "Name": "FCJ-network-subnet-public1-ap-southeast-1a",
              "Type": "Subnet"
            },
            "timeouts": null,
            "vpc_id": "vpc-04a1412e61c187c5b"
          },
          "sensitive_attributes": [],
          "private": "eyJlMmJmYjczMC1lY2FhLTExZTYtOGY4OC0zNDM2M2JjN2M0YzAiOnsiY3JlYXRlIjo2MDAwMDAwMDAwMDAsImRlbGV0ZSI6MTIwMDAwMDAwMDAwMH0sInNjaGVtYV92ZXJzaW9uIjoiMSJ9",
          "dependencies": [
            "module.infrastructure_vpc.aws_vpc.mainvpc"
          ]
        }
      ]
    },
    {
      "module": "module.infrastructure_vpc",
      "mode": "managed",
      "type": "aws_subnet",
      "name": "public_subnet_2",
      "provider": "module.infrastructure_vpc.provider[\"registry.terraform.io/hashicorp/aws\"]",
      "instances": [
        {
          "schema_version": 1,
          "attributes": {
            "arn": "arn:aws:ec2:ap-southeast-1:730335321184:subnet/subnet-0199033ec648ac08d",
            "assign_ipv6_address_on_creation": false,
            "availability_zone": "ap-southeast-1b",
            "availability_zone_id": "apse1-az2",
            "cidr_block": "10.0.16.0/20",
            "customer_owned_ipv4_pool": "",
            "enable_dns64": false,
            "enable_lni_at_device_index": 0,
            "enable_resource_name_dns_a_record_on_launch": false,
            "enable_resource_name_dns_aaaa_record_on_launch": false,
            "id": "subnet-0199033ec648ac08d",
            "ipv6_cidr_block": "",
            "ipv6_cidr_block_association_id": "",
            "ipv6_native": false,
            "map_customer_owned_ip_on_launch": false,
            "map_public_ip_on_launch": true,
            "outpost_arn": "",
            "owner_id": "730335321184",
            "private_dns_hostname_type_on_launch": "ip-name",
            "tags": {
              "Author": "DUKE",
              "Name": "FCJ-network-subnet-public2-ap-southeast-1b",
              "Type": "Subnet"
            },
            "tags_all": {
              "Author": "DUKE",
              "Name": "FCJ-network-subnet-public2-ap-southeast-1b",
              "Type": "Subnet"
            },
            "timeouts": null,
            "vpc_id": "vpc-04a1412e61c187c5b"
          },
          "sensitive_attributes": [],
          "private": "eyJlMmJmYjczMC1lY2FhLTExZTYtOGY4OC0zNDM2M2JjN2M0YzAiOnsiY3JlYXRlIjo2MDAwMDAwMDAwMDAsImRlbGV0ZSI6MTIwMDAwMDAwMDAwMH0sInNjaGVtYV92ZXJzaW9uIjoiMSJ9",
          "dependencies": [
            "module.infrastructure_vpc.aws_vpc.mainvpc"
          ]
        }
      ]
    },
    {
      "module": "module.infrastructure_vpc",
      "mode": "managed",
      "type": "aws_vpc",
      "name": "mainvpc",
      "provider": "module.infrastructure_vpc.provider[\"registry.terraform.io/hashicorp/aws\"]",
      "instances": [
        {
          "schema_version": 1,
          "attributes": {
            "arn": "arn:aws:ec2:ap-southeast-1:730335321184:vpc/vpc-04a1412e61c187c5b",
            "assign_generated_ipv6_cidr_block": false,
            "cidr_block": "10.0.0.0/16",
            "default_network_acl_id": "acl-0e81738c36b0af835",
            "default_route_table_id": "rtb-09bdea834d5c92874",
            "default_security_group_id": "sg-00688d68c1a7fa163",
            "dhcp_options_id": "dopt-0295f65aa273deacf",
            "enable_dns_hostnames": true,
            "enable_dns_support": true,
            "enable_network_address_usage_metrics": false,
            "id": "vpc-04a1412e61c187c5b",
            "instance_tenancy": "default",
            "ipv4_ipam_pool_id": null,
            "ipv4_netmask_length": null,
            "ipv6_association_id": "",
            "ipv6_cidr_block": "",
            "ipv6_cidr_block_network_border_group": "",
            "ipv6_ipam_pool_id": "",
            "ipv6_netmask_length": 0,
            "main_route_table_id": "rtb-09bdea834d5c92874",
            "owner_id": "730335321184",
            "tags": {
              "Author": "DUKE",
              "Name": "FCJ-network-vpc",
              "Type": "VPC"
            },
            "tags_all": {
              "Author": "DUKE",
              "Name": "FCJ-network-vpc",
              "Type": "VPC"
            }
          },
          "sensitive_attributes": [],
          "private": "eyJzY2hlbWFfdmVyc2lvbiI6IjEifQ=="
        }
      ]
    },
    {
      "module": "module.rds",
      "mode": "managed",
      "type": "aws_db_subnet_group",
      "name": "subnet_group",
      "provider": "module.rds.provider[\"registry.terraform.io/hashicorp/aws\"]",
      "instances": [
        {
          "schema_version": 0,
          "attributes": {
            "arn": "arn:aws:rds:ap-southeast-1:730335321184:subgrp:fcj-compute-subnet-group-db",
            "description": "Managed by Terraform",
            "id": "fcj-compute-subnet-group-db",
            "name": "fcj-compute-subnet-group-db",
            "name_prefix": "",
            "subnet_ids": [
              "subnet-001e8edbf5b56cd47",
              "subnet-037cbb044e26792cb"
            ],
            "supported_network_types": [
              "IPV4"
            ],
            "tags": {
              "Author": "DUKE",
              "Name": "fcj-compute-subnet-group-db",
              "Type": "RDS-Subnet-Group"
            },
            "tags_all": {
              "Author": "DUKE",
              "Name": "fcj-compute-subnet-group-db",
              "Type": "RDS-Subnet-Group"
            },
            "vpc_id": "vpc-04a1412e61c187c5b"
          },
          "sensitive_attributes": [],
          "private": "bnVsbA==",
          "dependencies": [
            "module.infrastructure_vpc.aws_subnet.private_subnet_1",
            "module.infrastructure_vpc.aws_subnet.private_subnet_2",
            "module.infrastructure_vpc.aws_vpc.mainvpc"
          ]
        }
      ]
    },
    {
      "module": "module.role",
      "mode": "managed",
      "type": "aws_iam_policy",
      "name": "ec2_ecr_push_policy",
      "provider": "module.role.provider[\"registry.terraform.io/hashicorp/aws\"]",
      "instances": [
        {
          "schema_version": 0,
          "attributes": {
            "arn": "arn:aws:iam::730335321184:policy/FCJ-network-ec2-ecr-push-policy",
            "attachment_count": 1,
            "description": "",
            "id": "arn:aws:iam::730335321184:policy/FCJ-network-ec2-ecr-push-policy",
            "name": "FCJ-network-ec2-ecr-push-policy",
            "name_prefix": "",
            "path": "/",
            "policy": "{\"Statement\":[{\"Action\":[\"ecr:GetAuthorizationToken\"],\"Effect\":\"Allow\",\"Resource\":\"*\"},{\"Action\":[\"ecr:BatchCheckLayerAvailability\",\"ecr:InitiateLayerUpload\",\"ecr:PutImage\",\"ecr:UploadLayerPart\",\"ecr:CompleteLayerUpload\",\"ecr:ListImages\",\"ecr:DescribeRepositories\",\"ecr:CreateRepository\"],\"Effect\":\"Allow\",\"Resource\":\"*\"}],\"Version\":\"2012-10-17\"}",
            "policy_id": "ANPA2UC3ATRQGYWOBH33P",
            "tags": {},
            "tags_all": {}
          },
          "sensitive_attributes": [],
          "private": "bnVsbA=="
        }
      ]
    },
    {
      "module": "module.role",
      "mode": "managed",
      "type": "aws_iam_role",
      "name": "code_deploy_role",
      "provider": "module.role.provider[\"registry.terraform.io/hashicorp/aws\"]",
      "instances": [
        {
          "schema_version": 0,
          "attributes": {
            "arn": "arn:aws:iam::730335321184:role/CodeDeployRoleForECS",
            "assume_role_policy": "{\"Statement\":[{\"Action\":\"sts:AssumeRole\",\"Effect\":\"Allow\",\"Principal\":{\"Service\":\"codedeploy.amazonaws.com\"}}],\"Version\":\"2012-10-17\"}",
            "create_date": "2024-12-27T15:22:35Z",
            "description": "",
            "force_detach_policies": false,
            "id": "CodeDeployRoleForECS",
            "inline_policy": [],
            "managed_policy_arns": [
              "arn:aws:iam::aws:policy/AWSCodeDeployRoleForECS"
            ],
            "max_session_duration": 3600,
            "name": "CodeDeployRoleForECS",
            "name_prefix": "",
            "path": "/",
            "permissions_boundary": "",
            "tags": {},
            "tags_all": {},
            "unique_id": "AROA2UC3ATRQGQQYV3JOV"
          },
          "sensitive_attributes": [],
          "private": "bnVsbA=="
        }
      ]
    },
    {
      "module": "module.role",
      "mode": "managed",
      "type": "aws_iam_role",
      "name": "ec2_role_ecr",
      "provider": "module.role.provider[\"registry.terraform.io/hashicorp/aws\"]",
      "instances": [
        {
          "schema_version": 0,
          "attributes": {
            "arn": "arn:aws:iam::730335321184:role/FCJ-network-ec2-role",
            "assume_role_policy": "{\"Statement\":[{\"Action\":\"sts:AssumeRole\",\"Effect\":\"Allow\",\"Principal\":{\"Service\":\"ec2.amazonaws.com\"}}],\"Version\":\"2012-10-17\"}",
            "create_date": "2024-12-27T15:22:34Z",
            "description": "",
            "force_detach_policies": false,
            "id": "FCJ-network-ec2-role",
            "inline_policy": [],
            "managed_policy_arns": [
              "arn:aws:iam::730335321184:policy/FCJ-network-ec2-ecr-push-policy"
            ],
            "max_session_duration": 3600,
            "name": "FCJ-network-ec2-role",
            "name_prefix": "",
            "path": "/",
            "permissions_boundary": "",
            "tags": {},
            "tags_all": {},
            "unique_id": "AROA2UC3ATRQIJLA5USPW"
          },
          "sensitive_attributes": [],
          "private": "bnVsbA=="
        }
      ]
    },
    {
      "module": "module.role",
      "mode": "managed",
      "type": "aws_iam_role",
      "name": "ecs_execution_role",
      "provider": "module.role.provider[\"registry.terraform.io/hashicorp/aws\"]",
      "instances": [
        {
          "schema_version": 0,
          "attributes": {
            "arn": "arn:aws:iam::730335321184:role/ecs-execution-role",
            "assume_role_policy": "{\"Statement\":[{\"Action\":\"sts:AssumeRole\",\"Effect\":\"Allow\",\"Principal\":{\"Service\":\"ecs-tasks.amazonaws.com\"}}],\"Version\":\"2012-10-17\"}",
            "create_date": "2024-12-27T15:22:35Z",
            "description": "",
            "force_detach_policies": false,
            "id": "ecs-execution-role",
            "inline_policy": [],
            "managed_policy_arns": [
              "arn:aws:iam::aws:policy/service-role/AmazonECSTaskExecutionRolePolicy"
            ],
            "max_session_duration": 3600,
            "name": "ecs-execution-role",
            "name_prefix": "",
            "path": "/",
            "permissions_boundary": "",
            "tags": {},
            "tags_all": {},
            "unique_id": "AROA2UC3ATRQE3NPGCPGT"
          },
          "sensitive_attributes": [],
          "private": "bnVsbA=="
        }
      ]
    },
    {
      "module": "module.role",
      "mode": "managed",
      "type": "aws_iam_role_policy_attachment",
      "name": "attach_codedeploy_policy",
      "provider": "module.role.provider[\"registry.terraform.io/hashicorp/aws\"]",
      "instances": [
        {
          "schema_version": 0,
          "attributes": {
            "id": "CodeDeployRoleForECS-20241227152233499700000002",
            "policy_arn": "arn:aws:iam::aws:policy/AWSCodeDeployRoleForECS",
            "role": "CodeDeployRoleForECS"
          },
          "sensitive_attributes": [],
          "private": "bnVsbA==",
          "dependencies": [
            "module.role.aws_iam_role.code_deploy_role"
          ]
        }
      ]
    },
    {
      "module": "module.role",
      "mode": "managed",
      "type": "aws_iam_role_policy_attachment",
      "name": "ec2_ecr_push_policy_attach",
      "provider": "module.role.provider[\"registry.terraform.io/hashicorp/aws\"]",
      "instances": [
        {
          "schema_version": 0,
          "attributes": {
            "id": "FCJ-network-ec2-role-20241227152233233900000001",
            "policy_arn": "arn:aws:iam::730335321184:policy/FCJ-network-ec2-ecr-push-policy",
            "role": "FCJ-network-ec2-role"
          },
          "sensitive_attributes": [],
          "private": "bnVsbA==",
          "dependencies": [
            "module.role.aws_iam_policy.ec2_ecr_push_policy",
            "module.role.aws_iam_role.ec2_role_ecr"
          ]
        }
      ]
    },
    {
      "module": "module.role",
      "mode": "managed",
      "type": "aws_iam_role_policy_attachment",
      "name": "ecs_execution_role_policy",
      "provider": "module.role.provider[\"registry.terraform.io/hashicorp/aws\"]",
      "instances": [
        {
          "schema_version": 0,
          "attributes": {
            "id": "ecs-execution-role-20241227152233547000000003",
            "policy_arn": "arn:aws:iam::aws:policy/service-role/AmazonECSTaskExecutionRolePolicy",
            "role": "ecs-execution-role"
          },
          "sensitive_attributes": [],
          "private": "bnVsbA==",
          "dependencies": [
            "module.role.aws_iam_role.ecs_execution_role"
          ]
        }
      ]
    },
    {
      "module": "module.security",
      "mode": "managed",
      "type": "aws_security_group",
      "name": "db_sg",
      "provider": "module.security.provider[\"registry.terraform.io/hashicorp/aws\"]",
      "instances": [
        {
          "schema_version": 1,
          "attributes": {
            "arn": "arn:aws:ec2:ap-southeast-1:730335321184:security-group/sg-0f4c6e41baed1931d",
            "description": "Allow server access to database server",
            "egress": [
              {
                "cidr_blocks": [
                  "0.0.0.0/0"
                ],
                "description": "",
                "from_port": 0,
                "ipv6_cidr_blocks": [],
                "prefix_list_ids": [],
                "protocol": "-1",
                "security_groups": [],
                "self": false,
                "to_port": 0
              }
            ],
            "id": "sg-0f4c6e41baed1931d",
            "ingress": [
              {
                "cidr_blocks": [],
                "description": "",
                "from_port": 3306,
                "ipv6_cidr_blocks": [],
                "prefix_list_ids": [],
                "protocol": "tcp",
                "security_groups": [
                  "sg-04d1d15f84db1aad0",
                  "sg-0cfe38a83b5ca8e57"
                ],
                "self": false,
                "to_port": 3306
              }
            ],
            "name": "terraform-20241227145212891800000001",
            "name_prefix": "terraform-",
            "owner_id": "730335321184",
            "revoke_rules_on_delete": false,
            "tags": {
              "Author": "DUKE",
              "Name": "FCJ-network-sg-db",
              "Type": "Security-Group-Outbound-Rule"
            },
            "tags_all": {
              "Author": "DUKE",
              "Name": "FCJ-network-sg-db",
              "Type": "Security-Group-Outbound-Rule"
            },
            "timeouts": null,
            "vpc_id": "vpc-04a1412e61c187c5b"
          },
          "sensitive_attributes": [],
          "private": "eyJlMmJmYjczMC1lY2FhLTExZTYtOGY4OC0zNDM2M2JjN2M0YzAiOnsiY3JlYXRlIjo2MDAwMDAwMDAwMDAsImRlbGV0ZSI6OTAwMDAwMDAwMDAwfSwic2NoZW1hX3ZlcnNpb24iOiIxIn0=",
          "dependencies": [
            "module.infrastructure_vpc.aws_vpc.mainvpc"
          ]
        }
      ]
    },
    {
      "module": "module.security",
      "mode": "managed",
      "type": "aws_security_group",
      "name": "private_sg",
      "provider": "module.security.provider[\"registry.terraform.io/hashicorp/aws\"]",
      "instances": [
        {
          "schema_version": 1,
          "attributes": {
            "arn": "arn:aws:ec2:ap-southeast-1:730335321184:security-group/sg-04d1d15f84db1aad0",
            "description": "Allow access to public",
            "egress": [
              {
                "cidr_blocks": [
                  "0.0.0.0/0"
                ],
                "description": "",
                "from_port": 0,
                "ipv6_cidr_blocks": [],
                "prefix_list_ids": [],
                "protocol": "-1",
                "security_groups": [],
                "self": false,
                "to_port": 0
              }
            ],
            "id": "sg-04d1d15f84db1aad0",
            "ingress": [
              {
                "cidr_blocks": [],
                "description": "",
                "from_port": 0,
                "ipv6_cidr_blocks": [],
                "prefix_list_ids": [],
                "protocol": "-1",
                "security_groups": [
                  "sg-0cfe38a83b5ca8e57"
                ],
                "self": true,
                "to_port": 0
              }
            ],
            "name": "terraform-20241227145213592500000002",
            "name_prefix": "terraform-",
            "owner_id": "730335321184",
            "revoke_rules_on_delete": false,
            "tags": {
              "Author": "DUKE",
              "Name": "FCJ-network-sg-private",
              "Type": "Security-Group"
            },
            "tags_all": {
              "Author": "DUKE",
              "Name": "FCJ-network-sg-private",
              "Type": "Security-Group"
            },
            "timeouts": null,
            "vpc_id": "vpc-04a1412e61c187c5b"
          },
          "sensitive_attributes": [],
          "private": "eyJlMmJmYjczMC1lY2FhLTExZTYtOGY4OC0zNDM2M2JjN2M0YzAiOnsiY3JlYXRlIjo2MDAwMDAwMDAwMDAsImRlbGV0ZSI6OTAwMDAwMDAwMDAwfSwic2NoZW1hX3ZlcnNpb24iOiIxIn0=",
          "dependencies": [
            "module.infrastructure_vpc.aws_vpc.mainvpc"
          ]
        }
      ]
    },
    {
      "module": "module.security",
      "mode": "managed",
      "type": "aws_security_group",
      "name": "public_sg",
      "provider": "module.security.provider[\"registry.terraform.io/hashicorp/aws\"]",
      "instances": [
        {
          "schema_version": 1,
          "attributes": {
            "arn": "arn:aws:ec2:ap-southeast-1:730335321184:security-group/sg-0cfe38a83b5ca8e57",
            "description": "Allow access to server",
            "egress": [
              {
                "cidr_blocks": [
                  "0.0.0.0/0"
                ],
                "description": "",
                "from_port": 0,
                "ipv6_cidr_blocks": [],
                "prefix_list_ids": [],
                "protocol": "-1",
                "security_groups": [],
                "self": false,
                "to_port": 0
              }
            ],
            "id": "sg-0cfe38a83b5ca8e57",
            "ingress": [
              {
                "cidr_blocks": [
                  "0.0.0.0/0"
                ],
                "description": "",
                "from_port": 22,
                "ipv6_cidr_blocks": [],
                "prefix_list_ids": [],
                "protocol": "tcp",
                "security_groups": [],
                "self": false,
                "to_port": 22
              },
              {
                "cidr_blocks": [
                  "0.0.0.0/0"
                ],
                "description": "",
                "from_port": 3000,
                "ipv6_cidr_blocks": [],
                "prefix_list_ids": [],
                "protocol": "tcp",
                "security_groups": [],
                "self": false,
                "to_port": 3000
              },
              {
                "cidr_blocks": [
                  "0.0.0.0/0"
                ],
                "description": "",
                "from_port": 443,
                "ipv6_cidr_blocks": [],
                "prefix_list_ids": [],
                "protocol": "tcp",
                "security_groups": [],
                "self": false,
                "to_port": 443
              },
              {
                "cidr_blocks": [
                  "0.0.0.0/0"
                ],
                "description": "",
                "from_port": 80,
                "ipv6_cidr_blocks": [],
                "prefix_list_ids": [],
                "protocol": "tcp",
                "security_groups": [],
                "self": false,
                "to_port": 80
              }
            ],
            "name": "terraform-20241227145213613700000003",
            "name_prefix": "terraform-",
            "owner_id": "730335321184",
            "revoke_rules_on_delete": false,
            "tags": {
              "Author": "DUKE",
              "Name": "FCJ-network-sg-public",
              "Type": "Security-Group"
            },
            "tags_all": {
              "Author": "DUKE",
              "Name": "FCJ-network-sg-public",
              "Type": "Security-Group"
            },
            "timeouts": null,
            "vpc_id": "vpc-04a1412e61c187c5b"
          },
          "sensitive_attributes": [],
          "private": "eyJlMmJmYjczMC1lY2FhLTExZTYtOGY4OC0zNDM2M2JjN2M0YzAiOnsiY3JlYXRlIjo2MDAwMDAwMDAwMDAsImRlbGV0ZSI6OTAwMDAwMDAwMDAwfSwic2NoZW1hX3ZlcnNpb24iOiIxIn0=",
          "dependencies": [
            "module.infrastructure_vpc.aws_vpc.mainvpc"
          ]
        }
      ]
    },
    {
      "module": "module.security",
      "mode": "managed",
      "type": "aws_vpc_security_group_egress_rule",
      "name": "db_sg_outbound",
      "provider": "module.security.provider[\"registry.terraform.io/hashicorp/aws\"]",
      "instances": [
        {
          "schema_version": 0,
          "attributes": {
            "arn": "arn:aws:ec2:ap-southeast-1:730335321184:security-group-rule/sgr-05dad0cb6a49de893",
            "cidr_ipv4": "0.0.0.0/0",
            "cidr_ipv6": null,
            "description": null,
            "from_port": null,
            "id": "sgr-05dad0cb6a49de893",
            "ip_protocol": "-1",
            "prefix_list_id": null,
            "referenced_security_group_id": null,
            "security_group_id": "sg-0f4c6e41baed1931d",
            "security_group_rule_id": "sgr-05dad0cb6a49de893",
            "tags": {
              "Author": "DUKE",
              "Name": "FCJ-network-sg-db-outbound-rule",
              "Type": "Security-Group-Outbound-Rule"
            },
            "tags_all": {
              "Author": "DUKE",
              "Name": "FCJ-network-sg-db-outbound-rule",
              "Type": "Security-Group-Outbound-Rule"
            },
            "to_port": null
          },
          "sensitive_attributes": [],
          "dependencies": [
            "module.infrastructure_vpc.aws_vpc.mainvpc",
            "module.security.aws_security_group.db_sg"
          ]
        }
      ]
    },
    {
      "module": "module.security",
      "mode": "managed",
      "type": "aws_vpc_security_group_egress_rule",
      "name": "private_sg_outbound",
      "provider": "module.security.provider[\"registry.terraform.io/hashicorp/aws\"]",
      "instances": [
        {
          "schema_version": 0,
          "attributes": {
            "arn": "arn:aws:ec2:ap-southeast-1:730335321184:security-group-rule/sgr-02b3926093614e17e",
            "cidr_ipv4": "0.0.0.0/0",
            "cidr_ipv6": null,
            "description": null,
            "from_port": null,
            "id": "sgr-02b3926093614e17e",
            "ip_protocol": "-1",
            "prefix_list_id": null,
            "referenced_security_group_id": null,
            "security_group_id": "sg-04d1d15f84db1aad0",
            "security_group_rule_id": "sgr-02b3926093614e17e",
            "tags": {
              "Author": "DUKE",
              "Name": "FCJ-network-sg-private-outbound-rule1",
              "Type": "Security-Group-Outbound-Rule"
            },
            "tags_all": {
              "Author": "DUKE",
              "Name": "FCJ-network-sg-private-outbound-rule1",
              "Type": "Security-Group-Outbound-Rule"
            },
            "to_port": null
          },
          "sensitive_attributes": [],
          "dependencies": [
            "module.infrastructure_vpc.aws_vpc.mainvpc",
            "module.security.aws_security_group.private_sg"
          ]
        }
      ]
    },
    {
      "module": "module.security",
      "mode": "managed",
      "type": "aws_vpc_security_group_egress_rule",
      "name": "public_sg_outbound",
      "provider": "module.security.provider[\"registry.terraform.io/hashicorp/aws\"]",
      "instances": [
        {
          "schema_version": 0,
          "attributes": {
            "arn": "arn:aws:ec2:ap-southeast-1:730335321184:security-group-rule/sgr-059ace592702b5d6e",
            "cidr_ipv4": "0.0.0.0/0",
            "cidr_ipv6": null,
            "description": null,
            "from_port": null,
            "id": "sgr-059ace592702b5d6e",
            "ip_protocol": "-1",
            "prefix_list_id": null,
            "referenced_security_group_id": null,
            "security_group_id": "sg-0cfe38a83b5ca8e57",
            "security_group_rule_id": "sgr-059ace592702b5d6e",
            "tags": {
              "Author": "DUKE",
              "Name": "FCJ-network-sg-public-outbound-rule1",
              "Type": "Security-Group-Outbound-Rule"
            },
            "tags_all": {
              "Author": "DUKE",
              "Name": "FCJ-network-sg-public-outbound-rule1",
              "Type": "Security-Group-Outbound-Rule"
            },
            "to_port": null
          },
          "sensitive_attributes": [],
          "dependencies": [
            "module.infrastructure_vpc.aws_vpc.mainvpc",
            "module.security.aws_security_group.public_sg"
          ]
        }
      ]
    },
    {
      "module": "module.security",
      "mode": "managed",
      "type": "aws_vpc_security_group_ingress_rule",
      "name": "db_sg_inbound",
      "provider": "module.security.provider[\"registry.terraform.io/hashicorp/aws\"]",
      "instances": [
        {
          "schema_version": 0,
          "attributes": {
            "arn": "arn:aws:ec2:ap-southeast-1:730335321184:security-group-rule/sgr-041a6fb993c0cc2e7",
            "cidr_ipv4": null,
            "cidr_ipv6": null,
            "description": null,
            "from_port": 3306,
            "id": "sgr-041a6fb993c0cc2e7",
            "ip_protocol": "tcp",
            "prefix_list_id": null,
            "referenced_security_group_id": "sg-0cfe38a83b5ca8e57",
            "security_group_id": "sg-0f4c6e41baed1931d",
            "security_group_rule_id": "sgr-041a6fb993c0cc2e7",
            "tags": {
              "Author": "DUKE",
              "Name": "FCJ-network-sg-db-inbound-rule",
              "Type": "Security-Group-Inbound-Rule"
            },
            "tags_all": {
              "Author": "DUKE",
              "Name": "FCJ-network-sg-db-inbound-rule",
              "Type": "Security-Group-Inbound-Rule"
            },
            "to_port": 3306
          },
          "sensitive_attributes": [],
          "dependencies": [
            "module.infrastructure_vpc.aws_vpc.mainvpc",
            "module.security.aws_security_group.db_sg",
            "module.security.aws_security_group.public_sg"
          ]
        }
      ]
    },
    {
      "module": "module.security",
      "mode": "managed",
      "type": "aws_vpc_security_group_ingress_rule",
      "name": "db_sg_inbound2",
      "provider": "module.security.provider[\"registry.terraform.io/hashicorp/aws\"]",
      "instances": [
        {
          "schema_version": 0,
          "attributes": {
            "arn": "arn:aws:ec2:ap-southeast-1:730335321184:security-group-rule/sgr-062c3259cb7b416aa",
            "cidr_ipv4": null,
            "cidr_ipv6": null,
            "description": null,
            "from_port": 3306,
            "id": "sgr-062c3259cb7b416aa",
            "ip_protocol": "tcp",
            "prefix_list_id": null,
            "referenced_security_group_id": "sg-04d1d15f84db1aad0",
            "security_group_id": "sg-0f4c6e41baed1931d",
            "security_group_rule_id": "sgr-062c3259cb7b416aa",
            "tags": {
              "Author": "DUKE",
              "Name": "FCJ-network-sg-db-inbound-rule",
              "Type": "Security-Group-Inbound-Rule"
            },
            "tags_all": {
              "Author": "DUKE",
              "Name": "FCJ-network-sg-db-inbound-rule",
              "Type": "Security-Group-Inbound-Rule"
            },
            "to_port": 3306
          },
          "sensitive_attributes": [],
          "dependencies": [
            "module.infrastructure_vpc.aws_vpc.mainvpc",
            "module.security.aws_security_group.db_sg",
            "module.security.aws_security_group.private_sg"
          ]
        }
      ]
    },
    {
      "module": "module.security",
      "mode": "managed",
      "type": "aws_vpc_security_group_ingress_rule",
      "name": "private_sg_inbound1",
      "provider": "module.security.provider[\"registry.terraform.io/hashicorp/aws\"]",
      "instances": [
        {
          "schema_version": 0,
          "attributes": {
            "arn": "arn:aws:ec2:ap-southeast-1:730335321184:security-group-rule/sgr-05d1b7e24a9f94c7e",
            "cidr_ipv4": null,
            "cidr_ipv6": null,
            "description": null,
            "from_port": null,
            "id": "sgr-05d1b7e24a9f94c7e",
            "ip_protocol": "-1",
            "prefix_list_id": null,
            "referenced_security_group_id": "sg-0cfe38a83b5ca8e57",
            "security_group_id": "sg-04d1d15f84db1aad0",
            "security_group_rule_id": "sgr-05d1b7e24a9f94c7e",
            "tags": {
              "Author": "DUKE",
              "Name": "FCJ-network-sg-private-inbound-rule",
              "Type": "Security-Group-Inbound-Rule"
            },
            "tags_all": {
              "Author": "DUKE",
              "Name": "FCJ-network-sg-private-inbound-rule",
              "Type": "Security-Group-Inbound-Rule"
            },
            "to_port": null
          },
          "sensitive_attributes": [],
          "dependencies": [
            "module.infrastructure_vpc.aws_vpc.mainvpc",
            "module.security.aws_security_group.private_sg",
            "module.security.aws_security_group.public_sg"
          ]
        }
      ]
    },
    {
      "module": "module.security",
      "mode": "managed",
      "type": "aws_vpc_security_group_ingress_rule",
      "name": "private_sg_inbound2",
      "provider": "module.security.provider[\"registry.terraform.io/hashicorp/aws\"]",
      "instances": [
        {
          "schema_version": 0,
          "attributes": {
            "arn": "arn:aws:ec2:ap-southeast-1:730335321184:security-group-rule/sgr-04892e31c60cb7199",
            "cidr_ipv4": null,
            "cidr_ipv6": null,
            "description": null,
            "from_port": null,
            "id": "sgr-04892e31c60cb7199",
            "ip_protocol": "-1",
            "prefix_list_id": null,
            "referenced_security_group_id": "sg-04d1d15f84db1aad0",
            "security_group_id": "sg-04d1d15f84db1aad0",
            "security_group_rule_id": "sgr-04892e31c60cb7199",
            "tags": {
              "Author": "DUKE",
              "Name": "FCJ-network-sg-private-inbound-rule",
              "Type": "Security-Group-Inbound-Rule"
            },
            "tags_all": {
              "Author": "DUKE",
              "Name": "FCJ-network-sg-private-inbound-rule",
              "Type": "Security-Group-Inbound-Rule"
            },
            "to_port": null
          },
          "sensitive_attributes": [],
          "dependencies": [
            "module.infrastructure_vpc.aws_vpc.mainvpc",
            "module.security.aws_security_group.private_sg"
          ]
        }
      ]
    },
    {
      "module": "module.security",
      "mode": "managed",
      "type": "aws_vpc_security_group_ingress_rule",
      "name": "public_sg_inbound_1",
      "provider": "module.security.provider[\"registry.terraform.io/hashicorp/aws\"]",
      "instances": [
        {
          "schema_version": 0,
          "attributes": {
            "arn": "arn:aws:ec2:ap-southeast-1:730335321184:security-group-rule/sgr-0a185ad1f3f71f227",
            "cidr_ipv4": "0.0.0.0/0",
            "cidr_ipv6": null,
            "description": null,
            "from_port": 22,
            "id": "sgr-0a185ad1f3f71f227",
            "ip_protocol": "tcp",
            "prefix_list_id": null,
            "referenced_security_group_id": null,
            "security_group_id": "sg-0cfe38a83b5ca8e57",
            "security_group_rule_id": "sgr-0a185ad1f3f71f227",
            "tags": {
              "Author": "DUKE",
              "Name": "FCJ-network-sg-public-inbound-rule1",
              "Type": "Security-Group-Inbound-Rule"
            },
            "tags_all": {
              "Author": "DUKE",
              "Name": "FCJ-network-sg-public-inbound-rule1",
              "Type": "Security-Group-Inbound-Rule"
            },
            "to_port": 22
          },
          "sensitive_attributes": [],
          "dependencies": [
            "module.infrastructure_vpc.aws_vpc.mainvpc",
            "module.security.aws_security_group.public_sg"
          ]
        }
      ]
    },
    {
      "module": "module.security",
      "mode": "managed",
      "type": "aws_vpc_security_group_ingress_rule",
      "name": "public_sg_inbound_2",
      "provider": "module.security.provider[\"registry.terraform.io/hashicorp/aws\"]",
      "instances": [
        {
          "schema_version": 0,
          "attributes": {
            "arn": "arn:aws:ec2:ap-southeast-1:730335321184:security-group-rule/sgr-03986f8afee1aba49",
            "cidr_ipv4": "0.0.0.0/0",
            "cidr_ipv6": null,
            "description": null,
            "from_port": 80,
            "id": "sgr-03986f8afee1aba49",
            "ip_protocol": "tcp",
            "prefix_list_id": null,
            "referenced_security_group_id": null,
            "security_group_id": "sg-0cfe38a83b5ca8e57",
            "security_group_rule_id": "sgr-03986f8afee1aba49",
            "tags": {
              "Author": "DUKE",
              "Name": "FCJ-network-sg-public-inbound-rule2",
              "Type": "Security-Group-Inbound-Rule"
            },
            "tags_all": {
              "Author": "DUKE",
              "Name": "FCJ-network-sg-public-inbound-rule2",
              "Type": "Security-Group-Inbound-Rule"
            },
            "to_port": 80
          },
          "sensitive_attributes": [],
          "dependencies": [
            "module.infrastructure_vpc.aws_vpc.mainvpc",
            "module.security.aws_security_group.public_sg"
          ]
        }
      ]
    },
    {
      "module": "module.security",
      "mode": "managed",
      "type": "aws_vpc_security_group_ingress_rule",
      "name": "public_sg_inbound_3",
      "provider": "module.security.provider[\"registry.terraform.io/hashicorp/aws\"]",
      "instances": [
        {
          "schema_version": 0,
          "attributes": {
            "arn": "arn:aws:ec2:ap-southeast-1:730335321184:security-group-rule/sgr-0713cb2f3c650ee3e",
            "cidr_ipv4": "0.0.0.0/0",
            "cidr_ipv6": null,
            "description": null,
            "from_port": 443,
            "id": "sgr-0713cb2f3c650ee3e",
            "ip_protocol": "tcp",
            "prefix_list_id": null,
            "referenced_security_group_id": null,
            "security_group_id": "sg-0cfe38a83b5ca8e57",
            "security_group_rule_id": "sgr-0713cb2f3c650ee3e",
            "tags": {
              "Author": "DUKE",
              "Name": "FCJ-network-sg-public-inbound-rule3",
              "Type": "Security-Group-Inbound-Rule"
            },
            "tags_all": {
              "Author": "DUKE",
              "Name": "FCJ-network-sg-public-inbound-rule3",
              "Type": "Security-Group-Inbound-Rule"
            },
            "to_port": 443
          },
          "sensitive_attributes": [],
          "dependencies": [
            "module.infrastructure_vpc.aws_vpc.mainvpc",
            "module.security.aws_security_group.public_sg"
          ]
        }
      ]
    },
    {
      "module": "module.security",
      "mode": "managed",
      "type": "aws_vpc_security_group_ingress_rule",
      "name": "public_sg_inbound_4",
      "provider": "module.security.provider[\"registry.terraform.io/hashicorp/aws\"]",
      "instances": [
        {
          "schema_version": 0,
          "attributes": {
            "arn": "arn:aws:ec2:ap-southeast-1:730335321184:security-group-rule/sgr-0fa8c062143373674",
            "cidr_ipv4": "0.0.0.0/0",
            "cidr_ipv6": null,
            "description": null,
            "from_port": 3000,
            "id": "sgr-0fa8c062143373674",
            "ip_protocol": "tcp",
            "prefix_list_id": null,
            "referenced_security_group_id": null,
            "security_group_id": "sg-0cfe38a83b5ca8e57",
            "security_group_rule_id": "sgr-0fa8c062143373674",
            "tags": {
              "Author": "DUKE",
              "Name": "FCJ-network-sg-public-inbound-rule5",
              "Type": "Security-Group-Inbound-Rule"
            },
            "tags_all": {
              "Author": "DUKE",
              "Name": "FCJ-network-sg-public-inbound-rule5",
              "Type": "Security-Group-Inbound-Rule"
            },
            "to_port": 3000
          },
          "sensitive_attributes": [],
          "dependencies": [
            "module.infrastructure_vpc.aws_vpc.mainvpc",
            "module.security.aws_security_group.public_sg"
          ]
        }
      ]
    }
  ],
  "check_results": null
}
